// !$*UTF8*$!
{
	archiveVersion = 1;
	classes = {
	};
	objectVersion = 50;
	objects = {

/* Begin PBXBuildFile section */
		BF16384122D745360025FBE4 /* Default-568h@2x.png in Resources */ = {isa = PBXBuildFile; fileRef = BF16384022D745360025FBE4 /* Default-568h@2x.png */; };
		BF83147822BD55DF00A786CC /* AppDelegate.swift in Sources */ = {isa = PBXBuildFile; fileRef = BF83147722BD55DF00A786CC /* AppDelegate.swift */; };
		BF83147B22BD55DF00A786CC /* CardGameViewController.swift in Sources */ = {isa = PBXBuildFile; fileRef = BF83147A22BD55DF00A786CC /* CardGameViewController.swift */; };
		BF83147E22BD55DF00A786CC /* Main.storyboard in Resources */ = {isa = PBXBuildFile; fileRef = BF83147C22BD55DF00A786CC /* Main.storyboard */; };
		BF83148022BD55E000A786CC /* Assets.xcassets in Resources */ = {isa = PBXBuildFile; fileRef = BF83147F22BD55E000A786CC /* Assets.xcassets */; };
		BF83148322BD55E000A786CC /* LaunchScreen.storyboard in Resources */ = {isa = PBXBuildFile; fileRef = BF83148122BD55E000A786CC /* LaunchScreen.storyboard */; };
		BF83149822BD5CD700A786CC /* Card.swift in Sources */ = {isa = PBXBuildFile; fileRef = BF83149722BD5CD700A786CC /* Card.swift */; };
		BFB133AF22BD5F390007EE21 /* Deck.swift in Sources */ = {isa = PBXBuildFile; fileRef = BFB133AE22BD5F390007EE21 /* Deck.swift */; };
		BFF93CA422BD639B002A2E34 /* PlayingCard.swift in Sources */ = {isa = PBXBuildFile; fileRef = BFF93CA322BD639B002A2E34 /* PlayingCard.swift */; };
		BFF93CA722BD6C84002A2E34 /* PlayingCardDeck.swift in Sources */ = {isa = PBXBuildFile; fileRef = BFF93CA622BD6C84002A2E34 /* PlayingCardDeck.swift */; };
		BFF93CAB22BE8E2F002A2E34 /* CardMatchingGame.swift in Sources */ = {isa = PBXBuildFile; fileRef = BFF93CAA22BE8E2F002A2E34 /* CardMatchingGame.swift */; };
/* End PBXBuildFile section */

/* Begin PBXFileReference section */
		BF16384022D745360025FBE4 /* Default-568h@2x.png */ = {isa = PBXFileReference; lastKnownFileType = image.png; path = "Default-568h@2x.png"; sourceTree = "<group>"; };
		BF83147322BD55DF00A786CC /* Matchismo Swift.app */ = {isa = PBXFileReference; explicitFileType = wrapper.application; includeInIndex = 0; path = "Matchismo Swift.app"; sourceTree = BUILT_PRODUCTS_DIR; };
		BF83147722BD55DF00A786CC /* AppDelegate.swift */ = {isa = PBXFileReference; lastKnownFileType = sourcecode.swift; path = AppDelegate.swift; sourceTree = "<group>"; };
		BF83147A22BD55DF00A786CC /* CardGameViewController.swift */ = {isa = PBXFileReference; lastKnownFileType = sourcecode.swift; path = CardGameViewController.swift; sourceTree = "<group>"; };
		BF83147D22BD55DF00A786CC /* Base */ = {isa = PBXFileReference; lastKnownFileType = file.storyboard; name = Base; path = Base.lproj/Main.storyboard; sourceTree = "<group>"; };
		BF83147F22BD55E000A786CC /* Assets.xcassets */ = {isa = PBXFileReference; lastKnownFileType = folder.assetcatalog; path = Assets.xcassets; sourceTree = "<group>"; };
		BF83148222BD55E000A786CC /* Base */ = {isa = PBXFileReference; lastKnownFileType = file.storyboard; name = Base; path = Base.lproj/LaunchScreen.storyboard; sourceTree = "<group>"; };
		BF83148422BD55E000A786CC /* Info.plist */ = {isa = PBXFileReference; lastKnownFileType = text.plist.xml; path = Info.plist; sourceTree = "<group>"; };
		BF83149722BD5CD700A786CC /* Card.swift */ = {isa = PBXFileReference; lastKnownFileType = sourcecode.swift; path = Card.swift; sourceTree = "<group>"; };
		BFB133AE22BD5F390007EE21 /* Deck.swift */ = {isa = PBXFileReference; lastKnownFileType = sourcecode.swift; path = Deck.swift; sourceTree = "<group>"; };
		BFF93CA322BD639B002A2E34 /* PlayingCard.swift */ = {isa = PBXFileReference; lastKnownFileType = sourcecode.swift; path = PlayingCard.swift; sourceTree = "<group>"; };
		BFF93CA622BD6C84002A2E34 /* PlayingCardDeck.swift */ = {isa = PBXFileReference; lastKnownFileType = sourcecode.swift; path = PlayingCardDeck.swift; sourceTree = "<group>"; };
		BFF93CAA22BE8E2F002A2E34 /* CardMatchingGame.swift */ = {isa = PBXFileReference; lastKnownFileType = sourcecode.swift; path = CardMatchingGame.swift; sourceTree = "<group>"; };
/* End PBXFileReference section */

/* Begin PBXFrameworksBuildPhase section */
		BF83147022BD55DF00A786CC /* Frameworks */ = {
			isa = PBXFrameworksBuildPhase;
			buildActionMask = 2147483647;
			files = (
			);
			runOnlyForDeploymentPostprocessing = 0;
		};
/* End PBXFrameworksBuildPhase section */

/* Begin PBXGroup section */
		BF83146A22BD55DF00A786CC = {
			isa = PBXGroup;
			children = (
				BF16384022D745360025FBE4 /* Default-568h@2x.png */,
				BF83147522BD55DF00A786CC /* Matchismo Swift */,
				BF83147422BD55DF00A786CC /* Products */,
			);
			sourceTree = "<group>";
		};
		BF83147422BD55DF00A786CC /* Products */ = {
			isa = PBXGroup;
			children = (
				BF83147322BD55DF00A786CC /* Matchismo Swift.app */,
			);
			name = Products;
			sourceTree = "<group>";
		};
		BF83147522BD55DF00A786CC /* Matchismo Swift */ = {
			isa = PBXGroup;
			children = (
				BF83147C22BD55DF00A786CC /* Main.storyboard */,
				BF83147A22BD55DF00A786CC /* CardGameViewController.swift */,
				BF83147F22BD55E000A786CC /* Assets.xcassets */,
				BF83148422BD55E000A786CC /* Info.plist */,
				BFF93CA822BD7FFD002A2E34 /* Model */,
				BF83148C22BD560700A786CC /* Supporting Files */,
			);
			path = "Matchismo Swift";
			sourceTree = "<group>";
		};
		BF83148C22BD560700A786CC /* Supporting Files */ = {
			isa = PBXGroup;
			children = (
				BF83148122BD55E000A786CC /* LaunchScreen.storyboard */,
				BF83147722BD55DF00A786CC /* AppDelegate.swift */,
			);
			path = "Supporting Files";
			sourceTree = "<group>";
		};
		BFF93CA822BD7FFD002A2E34 /* Model */ = {
			isa = PBXGroup;
			children = (
				BFF93CA622BD6C84002A2E34 /* PlayingCardDeck.swift */,
				BFF93CAA22BE8E2F002A2E34 /* CardMatchingGame.swift */,
				BFB133AE22BD5F390007EE21 /* Deck.swift */,
				BFF93CA322BD639B002A2E34 /* PlayingCard.swift */,
				BF83149722BD5CD700A786CC /* Card.swift */,
			);
			path = Model;
			sourceTree = "<group>";
		};
/* End PBXGroup section */

/* Begin PBXNativeTarget section */
		BF83147222BD55DF00A786CC /* Matchismo Swift */ = {
			isa = PBXNativeTarget;
			buildConfigurationList = BF83148922BD55E000A786CC /* Build configuration list for PBXNativeTarget "Matchismo Swift" */;
			buildPhases = (
				BF83146F22BD55DF00A786CC /* Sources */,
				BF83147022BD55DF00A786CC /* Frameworks */,
				BF83147122BD55DF00A786CC /* Resources */,
			);
			buildRules = (
			);
			dependencies = (
			);
			name = "Matchismo Swift";
			productName = "Matchismo OBJC";
			productReference = BF83147322BD55DF00A786CC /* Matchismo Swift.app */;
			productType = "com.apple.product-type.application";
		};
/* End PBXNativeTarget section */

/* Begin PBXProject section */
		BF83146B22BD55DF00A786CC /* Project object */ = {
			isa = PBXProject;
			attributes = {
				LastUpgradeCheck = 1020;
				ORGANIZATIONNAME = "Пермяков Андрей";
				TargetAttributes = {
					BF83147222BD55DF00A786CC = {
						CreatedOnToolsVersion = 10.2.1;
					};
				};
			};
			buildConfigurationList = BF83146E22BD55DF00A786CC /* Build configuration list for PBXProject "Matchismo Swift" */;
			compatibilityVersion = "Xcode 9.3";
			developmentRegion = en;
			hasScannedForEncodings = 0;
			knownRegions = (
				en,
				Base,
			);
			mainGroup = BF83146A22BD55DF00A786CC;
			productRefGroup = BF83147422BD55DF00A786CC /* Products */;
			projectDirPath = "";
			projectRoot = "";
			targets = (
				BF83147222BD55DF00A786CC /* Matchismo Swift */,
			);
		};
/* End PBXProject section */

/* Begin PBXResourcesBuildPhase section */
		BF83147122BD55DF00A786CC /* Resources */ = {
			isa = PBXResourcesBuildPhase;
			buildActionMask = 2147483647;
			files = (
				BF83148322BD55E000A786CC /* LaunchScreen.storyboard in Resources */,
				BF16384122D745360025FBE4 /* Default-568h@2x.png in Resources */,
				BF83148022BD55E000A786CC /* Assets.xcassets in Resources */,
				BF83147E22BD55DF00A786CC /* Main.storyboard in Resources */,
			);
			runOnlyForDeploymentPostprocessing = 0;
		};
/* End PBXResourcesBuildPhase section */

/* Begin PBXSourcesBuildPhase section */
		BF83146F22BD55DF00A786CC /* Sources */ = {
			isa = PBXSourcesBuildPhase;
			buildActionMask = 2147483647;
			files = (
				BFB133AF22BD5F390007EE21 /* Deck.swift in Sources */,
				BFF93CA422BD639B002A2E34 /* PlayingCard.swift in Sources */,
				BF83147B22BD55DF00A786CC /* CardGameViewController.swift in Sources */,
				BFF93CAB22BE8E2F002A2E34 /* CardMatchingGame.swift in Sources */,
				BFF93CA722BD6C84002A2E34 /* PlayingCardDeck.swift in Sources */,
				BF83147822BD55DF00A786CC /* AppDelegate.swift in Sources */,
				BF83149822BD5CD700A786CC /* Card.swift in Sources */,
			);
			runOnlyForDeploymentPostprocessing = 0;
		};
/* End PBXSourcesBuildPhase section */

/* Begin PBXVariantGroup section */
		BF83147C22BD55DF00A786CC /* Main.storyboard */ = {
			isa = PBXVariantGroup;
			children = (
				BF83147D22BD55DF00A786CC /* Base */,
			);
			name = Main.storyboard;
			sourceTree = "<group>";
		};
		BF83148122BD55E000A786CC /* LaunchScreen.storyboard */ = {
			isa = PBXVariantGroup;
			children = (
				BF83148222BD55E000A786CC /* Base */,
			);
			name = LaunchScreen.storyboard;
			sourceTree = "<group>";
		};
/* End PBXVariantGroup section */

/* Begin XCBuildConfiguration section */
		BF83148722BD55E000A786CC /* Debug */ = {
			isa = XCBuildConfiguration;
			buildSettings = {
				ALWAYS_SEARCH_USER_PATHS = NO;
				CLANG_ANALYZER_NONNULL = YES;
				CLANG_ANALYZER_NUMBER_OBJECT_CONVERSION = YES_AGGRESSIVE;
				CLANG_CXX_LANGUAGE_STANDARD = "gnu++14";
				CLANG_CXX_LIBRARY = "libc++";
				CLANG_ENABLE_MODULES = YES;
				CLANG_ENABLE_OBJC_ARC = YES;
				CLANG_ENABLE_OBJC_WEAK = YES;
				CLANG_WARN_BLOCK_CAPTURE_AUTORELEASING = YES;
				CLANG_WARN_BOOL_CONVERSION = YES;
				CLANG_WARN_COMMA = YES;
				CLANG_WARN_CONSTANT_CONVERSION = YES;
				CLANG_WARN_DEPRECATED_OBJC_IMPLEMENTATIONS = YES;
				CLANG_WARN_DIRECT_OBJC_ISA_USAGE = YES_ERROR;
				CLANG_WARN_DOCUMENTATION_COMMENTS = YES;
				CLANG_WARN_EMPTY_BODY = YES;
				CLANG_WARN_ENUM_CONVERSION = YES;
				CLANG_WARN_INFINITE_RECURSION = YES;
				CLANG_WARN_INT_CONVERSION = YES;
				CLANG_WARN_NON_LITERAL_NULL_CONVERSION = YES;
				CLANG_WARN_OBJC_IMPLICIT_RETAIN_SELF = YES;
				CLANG_WARN_OBJC_LITERAL_CONVERSION = YES;
				CLANG_WARN_OBJC_ROOT_CLASS = YES_ERROR;
				CLANG_WARN_RANGE_LOOP_ANALYSIS = YES;
				CLANG_WARN_STRICT_PROTOTYPES = YES;
				CLANG_WARN_SUSPICIOUS_MOVE = YES;
				CLANG_WARN_UNGUARDED_AVAILABILITY = YES_AGGRESSIVE;
				CLANG_WARN_UNREACHABLE_CODE = YES;
				CLANG_WARN__DUPLICATE_METHOD_MATCH = YES;
				CODE_SIGN_IDENTITY = "iPhone Developer";
				COPY_PHASE_STRIP = NO;
				DEBUG_INFORMATION_FORMAT = dwarf;
				ENABLE_STRICT_OBJC_MSGSEND = YES;
				ENABLE_TESTABILITY = YES;
				GCC_C_LANGUAGE_STANDARD = gnu11;
				GCC_DYNAMIC_NO_PIC = NO;
				GCC_NO_COMMON_BLOCKS = YES;
				GCC_OPTIMIZATION_LEVEL = 0;
				GCC_PREPROCESSOR_DEFINITIONS = (
					"DEBUG=1",
					"$(inherited)",
				);
				GCC_WARN_64_TO_32_BIT_CONVERSION = YES;
				GCC_WARN_ABOUT_RETURN_TYPE = YES_ERROR;
				GCC_WARN_UNDECLARED_SELECTOR = YES;
				GCC_WARN_UNINITIALIZED_AUTOS = YES_AGGRESSIVE;
				GCC_WARN_UNUSED_FUNCTION = YES;
				GCC_WARN_UNUSED_VARIABLE = YES;
				IPHONEOS_DEPLOYMENT_TARGET = 12.2;
				MTL_ENABLE_DEBUG_INFO = INCLUDE_SOURCE;
				MTL_FAST_MATH = YES;
				ONLY_ACTIVE_ARCH = YES;
				SDKROOT = iphoneos;
				SWIFT_INSTALL_OBJC_HEADER = NO;
			};
			name = Debug;
		};
		BF83148822BD55E000A786CC /* Release */ = {
			isa = XCBuildConfiguration;
			buildSettings = {
				ALWAYS_SEARCH_USER_PATHS = NO;
				CLANG_ANALYZER_NONNULL = YES;
				CLANG_ANALYZER_NUMBER_OBJECT_CONVERSION = YES_AGGRESSIVE;
				CLANG_CXX_LANGUAGE_STANDARD = "gnu++14";
				CLANG_CXX_LIBRARY = "libc++";
				CLANG_ENABLE_MODULES = YES;
				CLANG_ENABLE_OBJC_ARC = YES;
				CLANG_ENABLE_OBJC_WEAK = YES;
				CLANG_WARN_BLOCK_CAPTURE_AUTORELEASING = YES;
				CLANG_WARN_BOOL_CONVERSION = YES;
				CLANG_WARN_COMMA = YES;
				CLANG_WARN_CONSTANT_CONVERSION = YES;
				CLANG_WARN_DEPRECATED_OBJC_IMPLEMENTATIONS = YES;
				CLANG_WARN_DIRECT_OBJC_ISA_USAGE = YES_ERROR;
				CLANG_WARN_DOCUMENTATION_COMMENTS = YES;
				CLANG_WARN_EMPTY_BODY = YES;
				CLANG_WARN_ENUM_CONVERSION = YES;
				CLANG_WARN_INFINITE_RECURSION = YES;
				CLANG_WARN_INT_CONVERSION = YES;
				CLANG_WARN_NON_LITERAL_NULL_CONVERSION = YES;
				CLANG_WARN_OBJC_IMPLICIT_RETAIN_SELF = YES;
				CLANG_WARN_OBJC_LITERAL_CONVERSION = YES;
				CLANG_WARN_OBJC_ROOT_CLASS = YES_ERROR;
				CLANG_WARN_RANGE_LOOP_ANALYSIS = YES;
				CLANG_WARN_STRICT_PROTOTYPES = YES;
				CLANG_WARN_SUSPICIOUS_MOVE = YES;
				CLANG_WARN_UNGUARDED_AVAILABILITY = YES_AGGRESSIVE;
				CLANG_WARN_UNREACHABLE_CODE = YES;
				CLANG_WARN__DUPLICATE_METHOD_MATCH = YES;
				CODE_SIGN_IDENTITY = "iPhone Developer";
				COPY_PHASE_STRIP = NO;
				DEBUG_INFORMATION_FORMAT = "dwarf-with-dsym";
				ENABLE_NS_ASSERTIONS = NO;
				ENABLE_STRICT_OBJC_MSGSEND = YES;
				GCC_C_LANGUAGE_STANDARD = gnu11;
				GCC_NO_COMMON_BLOCKS = YES;
				GCC_WARN_64_TO_32_BIT_CONVERSION = YES;
				GCC_WARN_ABOUT_RETURN_TYPE = YES_ERROR;
				GCC_WARN_UNDECLARED_SELECTOR = YES;
				GCC_WARN_UNINITIALIZED_AUTOS = YES_AGGRESSIVE;
				GCC_WARN_UNUSED_FUNCTION = YES;
				GCC_WARN_UNUSED_VARIABLE = YES;
				IPHONEOS_DEPLOYMENT_TARGET = 12.2;
				MTL_ENABLE_DEBUG_INFO = NO;
				MTL_FAST_MATH = YES;
				SDKROOT = iphoneos;
				SWIFT_INSTALL_OBJC_HEADER = NO;
				VALIDATE_PRODUCT = YES;
			};
			name = Release;
		};
		BF83148A22BD55E000A786CC /* Debug */ = {
			isa = XCBuildConfiguration;
			buildSettings = {
				ASSETCATALOG_COMPILER_APPICON_NAME = AppIcon;
				CLANG_ENABLE_MODULES = YES;
				CODE_SIGN_STYLE = Automatic;
				DEVELOPMENT_TEAM = KN698M2XH6;
				GCC_PRECOMPILE_PREFIX_HEADER = YES;
				GCC_PREFIX_HEADER = "Matchismo OBJC-Prefix.pch";
				INFOPLIST_FILE = "Matchismo Swift/Info.plist";
				LD_RUNPATH_SEARCH_PATHS = (
					"$(inherited)",
					"@executable_path/Frameworks",
				);
				PRODUCT_BUNDLE_IDENTIFIER = "com.develop.Matchismo-Swift";
				PRODUCT_NAME = "$(TARGET_NAME)";
				SWIFT_INSTALL_OBJC_HEADER = NO;
				SWIFT_OBJC_BRIDGING_HEADER = "";
				SWIFT_OPTIMIZATION_LEVEL = "-Onone";
				SWIFT_VERSION = 5.0;
				TARGETED_DEVICE_FAMILY = "1,2";
			};
			name = Debug;
		};
		BF83148B22BD55E000A786CC /* Release */ = {
			isa = XCBuildConfiguration;
			buildSettings = {
				ASSETCATALOG_COMPILER_APPICON_NAME = AppIcon;
				CLANG_ENABLE_MODULES = YES;
				CODE_SIGN_STYLE = Automatic;
				DEVELOPMENT_TEAM = KN698M2XH6;
				GCC_PRECOMPILE_PREFIX_HEADER = YES;
				GCC_PREFIX_HEADER = "Matchismo OBJC-Prefix.pch";
				INFOPLIST_FILE = "Matchismo Swift/Info.plist";
				LD_RUNPATH_SEARCH_PATHS = (
					"$(inherited)",
					"@executable_path/Frameworks",
				);
				PRODUCT_BUNDLE_IDENTIFIER = "com.develop.Matchismo-Swift";
				PRODUCT_NAME = "$(TARGET_NAME)";
				SWIFT_INSTALL_OBJC_HEADER = NO;
				SWIFT_OBJC_BRIDGING_HEADER = "";
				SWIFT_VERSION = 5.0;
				TARGETED_DEVICE_FAMILY = "1,2";
			};
			name = Release;
		};
/* End XCBuildConfiguration section */

/* Begin XCConfigurationList section */
		BF83146E22BD55DF00A786CC /* Build configuration list for PBXProject "Matchismo Swift" */ = {
			isa = XCConfigurationList;
			buildConfigurations = (
				BF83148722BD55E000A786CC /* Debug */,
				BF83148822BD55E000A786CC /* Release */,
			);
			defaultConfigurationIsVisible = 0;
			defaultConfigurationName = Release;
		};
		BF83148922BD55E000A786CC /* Build configuration list for PBXNativeTarget "Matchismo Swift" */ = {
			isa = XCConfigurationList;
			buildConfigurations = (
				BF83148A22BD55E000A786CC /* Debug */,
				BF83148B22BD55E000A786CC /* Release */,
			);
			defaultConfigurationIsVisible = 0;
			defaultConfigurationName = Release;
		};
/* End XCConfigurationList section */
	};
	rootObject = BF83146B22BD55DF00A786CC /* Project object */;
}
